<?xml version="1.0" encoding="UTF-8" standalone="yes" ?>
<CodeBlocks_project_file>
	<FileVersion major="1" minor="6" />
	<Project>
		<Option title="Pizza73" />
		<Option pch_mode="2" />
		<Option compiler="gcc" />
		<Build>
			<Target title="Debug">
				<Option output="bin/Debug/Pizza73" prefix_auto="1" extension_auto="1" />
				<Option object_output="obj/Debug/" />
				<Option type="1" />
				<Option compiler="gcc" />
				<Compiler>
					<Add option="-g" />
					<Add directory="include" />
					<Add directory="include/UI" />
					<Add directory="include/Model" />
					<Add directory="include/Repository" />
					<Add directory="include/Service" />
					<Add directory="include/Exceptions" />
					<Add directory="include/Exception" />
				</Compiler>
			</Target>
			<Target title="Release">
				<Option output="bin/Release/Pizza73" prefix_auto="1" extension_auto="1" />
				<Option object_output="obj/Release/" />
				<Option type="1" />
				<Option compiler="gcc" />
				<Compiler>
					<Add option="-O2" />
					<Add directory="include" />
					<Add directory="include/UI" />
					<Add directory="include/Model" />
					<Add directory="include/Repository" />
					<Add directory="include/Service" />
					<Add directory="include/Exceptions" />
					<Add directory="include/Exception" />
				</Compiler>
				<Linker>
					<Add option="-s" />
				</Linker>
			</Target>
		</Build>
		<Compiler>
			<Add option="-Wall" />
			<Add option="-fexceptions" />
		</Compiler>
		<Unit filename="include/Exceptions/InvalidBrandName.h" />
		<Unit filename="include/Exceptions/InvalidDrinkPrice.h" />
		<Unit filename="include/Exceptions/InvalidDrinkSize.h" />
		<Unit filename="include/Exceptions/InvalidMenuException.h" />
		<Unit filename="include/Exceptions/InvalidPizzaSizeEcxeption.h" />
		<Unit filename="include/Exceptions/InvalidSizePriceException.h" />
		<Unit filename="include/Exceptions/InvalidToppingName.h" />
		<Unit filename="include/Exceptions/InvalidToppingPrice.h" />
		<Unit filename="include/Model/Drink.h" />
		<Unit filename="include/Model/Order.h" />
		<Unit filename="include/Model/Pizza.h" />
		<Unit filename="include/Model/PizzaSize.h" />
		<Unit filename="include/Model/Topping.h" />
		<Unit filename="include/Repository/BakerRepository.h" />
		<Unit filename="include/Repository/DrinkRepository.h" />
		<Unit filename="include/Repository/OrderRopository.h" />
		<Unit filename="include/Repository/PizzaRepository.h" />
		<Unit filename="include/Repository/PizzaSizeRepository.h" />
		<Unit filename="include/Repository/ToppingRepository.h" />
		<Unit filename="include/Service/BakerService.h" />
		<Unit filename="include/Service/DrinkService.h" />
		<Unit filename="include/Service/OrderService.h" />
		<Unit filename="include/Service/PizzaSizeService.h" />
		<Unit filename="include/Service/pizzaService.h" />
		<Unit filename="include/Service/toppingService.h" />
		<Unit filename="include/UI/BakerUI.h" />
		<Unit filename="include/UI/MainUI.h" />
		<Unit filename="include/UI/ManagerUI.h" />
		<Unit filename="include/UI/SalesUI.h" />
		<Unit filename="main.cpp" />
		<Unit filename="src/Exceptions/InvalidBrandName.cpp" />
		<Unit filename="src/Exceptions/InvalidDrinkPrice.cpp" />
		<Unit filename="src/Exceptions/InvalidDrinkSize.cpp" />
		<Unit filename="src/Exceptions/InvalidMenuException.cpp" />
		<Unit filename="src/Exceptions/InvalidPizzaSizeEcxeption.cpp" />
		<Unit filename="src/Exceptions/InvalidSizePriceException.cpp" />
		<Unit filename="src/Exceptions/InvalidToppingName.cpp" />
		<Unit filename="src/Exceptions/InvalidToppingPrice.cpp" />
		<Unit filename="src/Model/Drink.cpp" />
		<Unit filename="src/Model/Order.cpp" />
		<Unit filename="src/Model/Pizza.cpp" />
		<Unit filename="src/Model/PizzaSize.cpp" />
		<Unit filename="src/Model/Topping.cpp" />
		<Unit filename="src/Repository/BakerRepository.cpp" />
		<Unit filename="src/Repository/DrinkRepository.cpp" />
		<Unit filename="src/Repository/OrderRopository.cpp" />
		<Unit filename="src/Repository/PizzaRepository.cpp" />
		<Unit filename="src/Repository/PizzaSizeRepository.cpp" />
		<Unit filename="src/Repository/ToppingRepository.cpp" />
		<Unit filename="src/Service/BakerService.cpp" />
		<Unit filename="src/Service/DrinkService.cpp" />
		<Unit filename="src/Service/OrderService.cpp" />
		<Unit filename="src/Service/PizzaSizeService.cpp" />
		<Unit filename="src/Service/pizzaService.cpp" />
		<Unit filename="src/Service/toppingService.cpp" />
		<Unit filename="src/UI/BakerUI.cpp" />
		<Unit filename="src/UI/MainUI.cpp" />
		<Unit filename="src/UI/ManagerUI.cpp" />
		<Unit filename="src/UI/SalesUI.cpp" />
		<Extensions>
			<code_completion />
			<envvars />
			<debugger />
			<lib_finder disable_auto="1" />
		</Extensions>
	</Project>
</CodeBlocks_project_file>
