<?xml version="1.0" encoding="UTF-8" standalone="yes" ?>
<CodeBlocks_project_file>
	<FileVersion major="1" minor="6" />
	<Project>
		<Option title="enn eitt testid" />
		<Option pch_mode="2" />
		<Option compiler="gcc" />
		<Build>
			<Target title="Debug">
				<Option output="bin/Debug/enn eitt testid" prefix_auto="1" extension_auto="1" />
				<Option object_output="obj/Debug/" />
				<Option type="1" />
				<Option compiler="gcc" />
				<Compiler>
					<Add option="-g" />
					<Add directory="include/repository" />
					<Add directory="include/UI" />
				</Compiler>
			</Target>
			<Target title="Release">
				<Option output="bin/Release/enn eitt testid" prefix_auto="1" extension_auto="1" />
				<Option object_output="obj/Release/" />
				<Option type="1" />
				<Option compiler="gcc" />
				<Compiler>
					<Add option="-O2" />
					<Add directory="include/repository" />
					<Add directory="include/UI" />
				</Compiler>
				<Linker>
					<Add option="-s" />
				</Linker>
			</Target>
		</Build>
		<Compiler>
			<Add option="-Wall" />
			<Add option="-fexceptions" />
		</Compiler>
		<Unit filename="include/Models/pizza.h" />
		<Unit filename="include/Models/topping.h" />
		<Unit filename="include/Services/manager.h" />
		<Unit filename="include/UI/PasswordUI.h" />
		<Unit filename="include/UI/mainui.h" />
		<Unit filename="include/UI/managerui.h" />
		<Unit filename="include/UI/salesui.h" />
		<Unit filename="include/repository/PizzaRepository.h" />
		<Unit filename="include/repository/ToppingRepository.h" />
		<Unit filename="main.cpp" />
		<Unit filename="src/Models/pizza.cpp" />
		<Unit filename="src/Models/topping.cpp" />
		<Unit filename="src/Services/manager.cpp" />
		<Unit filename="src/UI/PasswordUI.cpp" />
		<Unit filename="src/UI/mainui.cpp" />
		<Unit filename="src/UI/managerui.cpp" />
		<Unit filename="src/UI/salesui.cpp" />
		<Unit filename="src/repository/PizzaRepository.cpp" />
		<Unit filename="src/repository/ToppingRepository.cpp" />
		<Extensions>
			<code_completion />
			<envvars />
			<debugger />
			<lib_finder disable_auto="1" />
		</Extensions>
	</Project>
</CodeBlocks_project_file>
